
Microsoft Visual Studio Solution File, Format Version 12.00
# Visual Studio Version 16
VisualStudioVersion = 16.0.31624.102
MinimumVisualStudioVersion = 10.0.40219.1
Project("{FAE04EC0-301F-11D3-BF4B-00C04F79EFBC}") = "Exercises49,50", "Exercises49,50\Exercises49,50.csproj", "{02AA3D7C-7567-4755-9C78-7B3B111D5D17}"
EndProject
Global
	GlobalSection(SolutionConfigurationPlatforms) = preSolution
		Debug|Any CPU = Debug|Any CPU
		Release|Any CPU = Release|Any CPU
	EndGlobalSection
	GlobalSection(ProjectConfigurationPlatforms) = postSolution
		{02AA3D7C-7567-4755-9C78-7B3B111D5D17}.Debug|Any CPU.ActiveCfg = Debug|Any CPU
		{02AA3D7C-7567-4755-9C78-7B3B111D5D17}.Debug|Any CPU.Build.0 = Debug|Any CPU
		{02AA3D7C-7567-4755-9C78-7B3B111D5D17}.Release|Any CPU.ActiveCfg = Release|Any CPU
		{02AA3D7C-7567-4755-9C78-7B3B111D5D17}.Release|Any CPU.Build.0 = Release|Any CPU
	EndGlobalSection
	GlobalSection(SolutionProperties) = preSolution
		HideSolutionNode = FALSE
	EndGlobalSection
	GlobalSection(ExtensibilityGlobals) = postSolution
		SolutionGuid = {18E01329-DA24-418E-9B4C-97F9A80820F7}
	EndGlobalSection
EndGlobal
